{
    "_readme": [
        "This file locks the dependencies of your project to a known state",
        "Read more about it at https://getcomposer.org/doc/01-basic-usage.md#composer-lock-the-lock-file",
        "This file is @generated automatically"
    ],
    "hash": "7280dc01c58e345d8684dd5d17579429",
    "content-hash": "ce8c37a094eabe98128f82dcbce248e0",
    "packages": [
        {
            "name": "php-activerecord/php-activerecord",
            "version": "v1.1.2",
            "source": {
                "type": "git",
                "url": "https://github.com/jpfuentes2/php-activerecord.git",
                "reference": "5a957483801ecc41d95381e9868de7bb08f9be3a"
            },
            "dist": {
                "type": "zip",
                "url": "https://api.github.com/repos/jpfuentes2/php-activerecord/zipball/5a957483801ecc41d95381e9868de7bb08f9be3a",
                "reference": "5a957483801ecc41d95381e9868de7bb08f9be3a",
                "shasum": ""
            },
            "require": {
                "php": ">=5.3.0"
            },
            "type": "library",
            "autoload": {
                "files": [
                    "ActiveRecord.php"
                ]
            },
            "notification-url": "https://packagist.org/downloads/",
            "license": [
                "MIT"
            ],
            "description": "php-activerecord is an open source ORM library based on the ActiveRecord pattern.",
            "homepage": "http://www.phpactiverecord.org/",
            "keywords": [
                "activerecord",
                "orm"
            ],
            "time": "2013-04-26 21:01:08"
        },
        {
            "name": "robmorgan/phinx",
            "version": "v0.3.7",
            "source": {
                "type": "git",
                "url": "https://github.com/robmorgan/phinx.git",
                "reference": "d918fef14f44bc2e68c6263327ba5b44582313c6"
            },
            "dist": {
                "type": "zip",
                "url": "https://api.github.com/repos/robmorgan/phinx/zipball/d918fef14f44bc2e68c6263327ba5b44582313c6",
                "reference": "d918fef14f44bc2e68c6263327ba5b44582313c6",
                "shasum": ""
            },
            "require": {
                "php": ">=5.3.2",
                "symfony/class-loader": "2.*",
                "symfony/config": "2.*",
                "symfony/console": "2.*",
                "symfony/yaml": "2.*"
            },
            "require-dev": {
                "phpunit/phpunit": "3.7.*",
                "squizlabs/php_codesniffer": "dev-phpcs-fixer"
            },
            "bin": [
                "bin/phinx"
            ],
            "type": "library",
            "autoload": {
                "psr-0": {
                    "Phinx": "src/"
                }
            },
            "notification-url": "https://packagist.org/downloads/",
            "license": [
                "MIT"
            ],
            "authors": [
                {
                    "name": "Rob Morgan",
                    "email": "robbym@gmail.com",
                    "homepage": "http://robmorgan.id.au",
                    "role": "Lead Developer"
                }
            ],
            "description": "Phinx makes it ridiculously easy to manage the database migrations for your PHP app.",
            "homepage": "http://phinx.org",
            "keywords": [
                "database",
                "database migrations",
                "db",
                "migrations",
                "phinx"
            ],
            "time": "2014-08-18 08:15:10"
        },
        {
            "name": "symfony/class-loader",
            "version": "v2.7.5",
            "source": {
                "type": "git",
                "url": "https://github.com/symfony/class-loader.git",
                "reference": "d957ea6295d7016e20d7eff33a6c1deef819c0d4"
            },
            "dist": {
                "type": "zip",
                "url": "https://api.github.com/repos/symfony/class-loader/zipball/d957ea6295d7016e20d7eff33a6c1deef819c0d4",
                "reference": "d957ea6295d7016e20d7eff33a6c1deef819c0d4",
                "shasum": ""
            },
            "require": {
                "php": ">=5.3.9"
            },
            "require-dev": {
                "symfony/finder": "~2.0,>=2.0.5",
                "symfony/phpunit-bridge": "~2.7"
            },
            "type": "library",
            "extra": {
                "branch-alias": {
                    "dev-master": "2.7-dev"
                }
            },
            "autoload": {
                "psr-4": {
                    "Symfony\\Component\\ClassLoader\\": ""
                }
            },
            "notification-url": "https://packagist.org/downloads/",
            "license": [
                "MIT"
            ],
            "authors": [
                {
                    "name": "Fabien Potencier",
                    "email": "fabien@symfony.com"
                },
                {
                    "name": "Symfony Community",
                    "homepage": "https://symfony.com/contributors"
                }
            ],
            "description": "Symfony ClassLoader Component",
            "homepage": "https://symfony.com",
            "time": "2015-08-26 17:56:37"
        },
        {
            "name": "symfony/config",
            "version": "v2.7.5",
            "source": {
                "type": "git",
                "url": "https://github.com/symfony/config.git",
                "reference": "9698fdf0a750d6887d5e7729d5cf099765b20e61"
            },
            "dist": {
                "type": "zip",
                "url": "https://api.github.com/repos/symfony/config/zipball/9698fdf0a750d6887d5e7729d5cf099765b20e61",
                "reference": "9698fdf0a750d6887d5e7729d5cf099765b20e61",
                "shasum": ""
            },
            "require": {
                "php": ">=5.3.9",
                "symfony/filesystem": "~2.3"
            },
            "require-dev": {
                "symfony/phpunit-bridge": "~2.7"
            },
            "type": "library",
            "extra": {
                "branch-alias": {
                    "dev-master": "2.7-dev"
                }
            },
            "autoload": {
                "psr-4": {
                    "Symfony\\Component\\Config\\": ""
                }
            },
            "notification-url": "https://packagist.org/downloads/",
            "license": [
                "MIT"
            ],
            "authors": [
                {
                    "name": "Fabien Potencier",
                    "email": "fabien@symfony.com"
                },
                {
                    "name": "Symfony Community",
                    "homepage": "https://symfony.com/contributors"
                }
            ],
            "description": "Symfony Config Component",
            "homepage": "https://symfony.com",
            "time": "2015-09-21 15:02:29"
        },
        {
            "name": "symfony/console",
            "version": "v2.7.5",
            "source": {
                "type": "git",
                "url": "https://github.com/symfony/console.git",
                "reference": "06cb17c013a82f94a3d840682b49425cd00a2161"
            },
            "dist": {
                "type": "zip",
                "url": "https://api.github.com/repos/symfony/console/zipball/06cb17c013a82f94a3d840682b49425cd00a2161",
                "reference": "06cb17c013a82f94a3d840682b49425cd00a2161",
                "shasum": ""
            },
            "require": {
                "php": ">=5.3.9"
            },
            "require-dev": {
                "psr/log": "~1.0",
                "symfony/event-dispatcher": "~2.1",
                "symfony/phpunit-bridge": "~2.7",
                "symfony/process": "~2.1"
            },
            "suggest": {
                "psr/log": "For using the console logger",
                "symfony/event-dispatcher": "",
                "symfony/process": ""
            },
            "type": "library",
            "extra": {
                "branch-alias": {
                    "dev-master": "2.7-dev"
                }
            },
            "autoload": {
                "psr-4": {
                    "Symfony\\Component\\Console\\": ""
                }
            },
            "notification-url": "https://packagist.org/downloads/",
            "license": [
                "MIT"
            ],
            "authors": [
                {
                    "name": "Fabien Potencier",
                    "email": "fabien@symfony.com"
                },
                {
                    "name": "Symfony Community",
                    "homepage": "https://symfony.com/contributors"
                }
            ],
            "description": "Symfony Console Component",
            "homepage": "https://symfony.com",
            "time": "2015-09-25 08:32:23"
        },
        {
            "name": "symfony/filesystem",
            "version": "v2.7.5",
            "source": {
                "type": "git",
                "url": "https://github.com/symfony/filesystem.git",
                "reference": "a17f8a17c20e8614c15b8e116e2f4bcde102cfab"
            },
            "dist": {
                "type": "zip",
                "url": "https://api.github.com/repos/symfony/filesystem/zipball/a17f8a17c20e8614c15b8e116e2f4bcde102cfab",
                "reference": "a17f8a17c20e8614c15b8e116e2f4bcde102cfab",
                "shasum": ""
            },
            "require": {
                "php": ">=5.3.9"
            },
            "require-dev": {
                "symfony/phpunit-bridge": "~2.7"
            },
            "type": "library",
            "extra": {
                "branch-alias": {
                    "dev-master": "2.7-dev"
                }
            },
            "autoload": {
                "psr-4": {
                    "Symfony\\Component\\Filesystem\\": ""
                }
            },
            "notification-url": "https://packagist.org/downloads/",
            "license": [
                "MIT"
            ],
            "authors": [
                {
                    "name": "Fabien Potencier",
                    "email": "fabien@symfony.com"
                },
                {
                    "name": "Symfony Community",
                    "homepage": "https://symfony.com/contributors"
                }
            ],
            "description": "Symfony Filesystem Component",
            "homepage": "https://symfony.com",
            "time": "2015-09-09 17:42:36"
        },
        {
            "name": "symfony/yaml",
            "version": "v2.7.5",
            "source": {
                "type": "git",
                "url": "https://github.com/symfony/yaml.git",
                "reference": "31cb2ad0155c95b88ee55fe12bc7ff92232c1770"
            },
            "dist": {
                "type": "zip",
                "url": "https://api.github.com/repos/symfony/yaml/zipball/31cb2ad0155c95b88ee55fe12bc7ff92232c1770",
                "reference": "31cb2ad0155c95b88ee55fe12bc7ff92232c1770",
                "shasum": ""
            },
            "require": {
                "php": ">=5.3.9"
            },
            "require-dev": {
                "symfony/phpunit-bridge": "~2.7"
            },
            "type": "library",
            "extra": {
                "branch-alias": {
                    "dev-master": "2.7-dev"
                }
            },
            "autoload": {
                "psr-4": {
                    "Symfony\\Component\\Yaml\\": ""
                }
            },
            "notification-url": "https://packagist.org/downloads/",
            "license": [
                "MIT"
            ],
            "authors": [
                {
                    "name": "Fabien Potencier",
                    "email": "fabien@symfony.com"
                },
                {
                    "name": "Symfony Community",
                    "homepage": "https://symfony.com/contributors"
                }
            ],
            "description": "Symfony Yaml Component",
            "homepage": "https://symfony.com",
            "time": "2015-09-14 14:14:09"
        }
    ],
    "packages-dev": [],
    "aliases": [],
    "minimum-stability": "stable",
    "stability-flags": [],
    "prefer-stable": false,
    "prefer-lowest": false,
    "platform": [],
    "platform-dev": []
}
